
Microsoft Visual Studio Solution File, Format Version 12.00
# Visual Studio 14
VisualStudioVersion = 14.0.25420.1
MinimumVisualStudioVersion = 10.0.40219.1
Project("{FAE04EC0-301F-11D3-BF4B-00C04F79EFBC}") = "FunctionAdditiveChecker", "FunctionAdditiveChecker\FunctionAdditiveChecker.csproj", "{9436DC49-D25D-43D1-88DE-69C4088DFC6F}"
EndProject
Project("{FAE04EC0-301F-11D3-BF4B-00C04F79EFBC}") = "SievePrimeNumberGeneratorTest", "UnitTestProject1\SievePrimeNumberGeneratorTest.csproj", "{D2C1281F-6789-4CD8-B490-6258B7D7907D}"
EndProject
Global
	GlobalSection(SolutionConfigurationPlatforms) = preSolution
		Debug|Any CPU = Debug|Any CPU
		Release|Any CPU = Release|Any CPU
	EndGlobalSection
	GlobalSection(ProjectConfigurationPlatforms) = postSolution
		{9436DC49-D25D-43D1-88DE-69C4088DFC6F}.Debug|Any CPU.ActiveCfg = Debug|Any CPU
		{9436DC49-D25D-43D1-88DE-69C4088DFC6F}.Debug|Any CPU.Build.0 = Debug|Any CPU
		{9436DC49-D25D-43D1-88DE-69C4088DFC6F}.Release|Any CPU.ActiveCfg = Release|Any CPU
		{9436DC49-D25D-43D1-88DE-69C4088DFC6F}.Release|Any CPU.Build.0 = Release|Any CPU
		{D2C1281F-6789-4CD8-B490-6258B7D7907D}.Debug|Any CPU.ActiveCfg = Debug|Any CPU
		{D2C1281F-6789-4CD8-B490-6258B7D7907D}.Debug|Any CPU.Build.0 = Debug|Any CPU
		{D2C1281F-6789-4CD8-B490-6258B7D7907D}.Release|Any CPU.ActiveCfg = Release|Any CPU
		{D2C1281F-6789-4CD8-B490-6258B7D7907D}.Release|Any CPU.Build.0 = Release|Any CPU
	EndGlobalSection
	GlobalSection(SolutionProperties) = preSolution
		HideSolutionNode = FALSE
	EndGlobalSection
EndGlobal
